
Microsoft Visual Studio Solution File, Format Version 12.00
# Visual Studio 15
VisualStudioVersion = 15.0.28307.168
MinimumVisualStudioVersion = 10.0.40219.1
Project("{9A19103F-16F7-4668-BE54-9A1E7A4F7556}") = "SimpleConsoleApp", "SimpleConsoleApp\SimpleConsoleApp.csproj", "{BA4040C8-F416-41B7-9588-A84620036DF0}"
EndProject
Project("{FAE04EC0-301F-11D3-BF4B-00C04F79EFBC}") = "SimpleConsoleApp.Tests", "SimpleConsoleApp.Tests\SimpleConsoleApp.Tests.csproj", "{82B3422E-8CB7-4D71-9D4C-04B8D2C88D87}"
EndProject
Global
	GlobalSection(SolutionConfigurationPlatforms) = preSolution
		Debug|Any CPU = Debug|Any CPU
		Release|Any CPU = Release|Any CPU
	EndGlobalSection
	GlobalSection(ProjectConfigurationPlatforms) = postSolution
		{BA4040C8-F416-41B7-9588-A84620036DF0}.Debug|Any CPU.ActiveCfg = Debug|Any CPU
		{BA4040C8-F416-41B7-9588-A84620036DF0}.Debug|Any CPU.Build.0 = Debug|Any CPU
		{BA4040C8-F416-41B7-9588-A84620036DF0}.Release|Any CPU.ActiveCfg = Release|Any CPU
		{BA4040C8-F416-41B7-9588-A84620036DF0}.Release|Any CPU.Build.0 = Release|Any CPU
		{82B3422E-8CB7-4D71-9D4C-04B8D2C88D87}.Debug|Any CPU.ActiveCfg = Debug|Any CPU
		{82B3422E-8CB7-4D71-9D4C-04B8D2C88D87}.Debug|Any CPU.Build.0 = Debug|Any CPU
		{82B3422E-8CB7-4D71-9D4C-04B8D2C88D87}.Release|Any CPU.ActiveCfg = Release|Any CPU
		{82B3422E-8CB7-4D71-9D4C-04B8D2C88D87}.Release|Any CPU.Build.0 = Release|Any CPU
	EndGlobalSection
	GlobalSection(SolutionProperties) = preSolution
		HideSolutionNode = FALSE
	EndGlobalSection
	GlobalSection(ExtensibilityGlobals) = postSolution
		SolutionGuid = {80A49999-5623-4200-AA1B-EDDB8B2C30F7}
	EndGlobalSection
EndGlobal
